
Microsoft Visual Studio Solution File, Format Version 12.00
# Visual Studio Version 16
VisualStudioVersion = 16.0.31424.327
MinimumVisualStudioVersion = 10.0.40219.1
Project("{FAE04EC0-301F-11D3-BF4B-00C04F79EFBC}") = "week10", "week10\week10.csproj", "{5DFED36E-859F-4A4F-B139-048D6358FB6E}"
EndProject
Global
	GlobalSection(SolutionConfigurationPlatforms) = preSolution
		Debug|Any CPU = Debug|Any CPU
		Release|Any CPU = Release|Any CPU
	EndGlobalSection
	GlobalSection(ProjectConfigurationPlatforms) = postSolution
		{5DFED36E-859F-4A4F-B139-048D6358FB6E}.Debug|Any CPU.ActiveCfg = Debug|Any CPU
		{5DFED36E-859F-4A4F-B139-048D6358FB6E}.Debug|Any CPU.Build.0 = Debug|Any CPU
		{5DFED36E-859F-4A4F-B139-048D6358FB6E}.Release|Any CPU.ActiveCfg = Release|Any CPU
		{5DFED36E-859F-4A4F-B139-048D6358FB6E}.Release|Any CPU.Build.0 = Release|Any CPU
	EndGlobalSection
	GlobalSection(SolutionProperties) = preSolution
		HideSolutionNode = FALSE
	EndGlobalSection
	GlobalSection(ExtensibilityGlobals) = postSolution
		SolutionGuid = {0CDD33D8-E34A-4560-8FD9-B0248C71C564}
	EndGlobalSection
EndGlobal
