
Microsoft Visual Studio Solution File, Format Version 12.00
# Visual Studio Version 16
VisualStudioVersion = 16.0.31424.327
MinimumVisualStudioVersion = 10.0.40219.1
Project("{FAE04EC0-301F-11D3-BF4B-00C04F79EFBC}") = "WindowsFormsApp1", "WindowsFormsApp1\WindowsFormsApp1.csproj", "{BC7678E5-FCEB-4523-985E-1F326F82B3F9}"
EndProject
Global
	GlobalSection(SolutionConfigurationPlatforms) = preSolution
		Debug|Any CPU = Debug|Any CPU
		Release|Any CPU = Release|Any CPU
	EndGlobalSection
	GlobalSection(ProjectConfigurationPlatforms) = postSolution
		{BC7678E5-FCEB-4523-985E-1F326F82B3F9}.Debug|Any CPU.ActiveCfg = Debug|Any CPU
		{BC7678E5-FCEB-4523-985E-1F326F82B3F9}.Debug|Any CPU.Build.0 = Debug|Any CPU
		{BC7678E5-FCEB-4523-985E-1F326F82B3F9}.Release|Any CPU.ActiveCfg = Release|Any CPU
		{BC7678E5-FCEB-4523-985E-1F326F82B3F9}.Release|Any CPU.Build.0 = Release|Any CPU
	EndGlobalSection
	GlobalSection(SolutionProperties) = preSolution
		HideSolutionNode = FALSE
	EndGlobalSection
	GlobalSection(ExtensibilityGlobals) = postSolution
		SolutionGuid = {B553CDDE-8C73-499F-BFFE-C5DB513649E1}
	EndGlobalSection
EndGlobal
